
Microsoft Visual Studio Solution File, Format Version 12.00
# Visual Studio Version 17
VisualStudioVersion = 17.11.35312.102
MinimumVisualStudioVersion = 10.0.40219.1
Project("{FAE04EC0-301F-11D3-BF4B-00C04F79EFBC}") = "6oktyabr", "6oktyabr\6oktyabr.csproj", "{AE22BE06-8889-4C47-9D95-0979F20DEBE0}"
EndProject
Global
	GlobalSection(SolutionConfigurationPlatforms) = preSolution
		Debug|Any CPU = Debug|Any CPU
		Release|Any CPU = Release|Any CPU
	EndGlobalSection
	GlobalSection(ProjectConfigurationPlatforms) = postSolution
		{AE22BE06-8889-4C47-9D95-0979F20DEBE0}.Debug|Any CPU.ActiveCfg = Debug|Any CPU
		{AE22BE06-8889-4C47-9D95-0979F20DEBE0}.Debug|Any CPU.Build.0 = Debug|Any CPU
		{AE22BE06-8889-4C47-9D95-0979F20DEBE0}.Release|Any CPU.ActiveCfg = Release|Any CPU
		{AE22BE06-8889-4C47-9D95-0979F20DEBE0}.Release|Any CPU.Build.0 = Release|Any CPU
	EndGlobalSection
	GlobalSection(SolutionProperties) = preSolution
		HideSolutionNode = FALSE
	EndGlobalSection
	GlobalSection(ExtensibilityGlobals) = postSolution
		SolutionGuid = {B1581F49-C70F-4886-8727-664B396B1365}
	EndGlobalSection
EndGlobal
